
Microsoft Visual Studio Solution File, Format Version 12.00
# Visual Studio Version 17
VisualStudioVersion = 17.13.35818.85 d17.13
MinimumVisualStudioVersion = 10.0.40219.1
Project("{FAE04EC0-301F-11D3-BF4B-00C04F79EFBC}") = "modul8_103022300024", "modul8_103022300024.csproj", "{A46753AF-B597-45A3-BE85-B98DD4FA4FD6}"
EndProject
Global
	GlobalSection(SolutionConfigurationPlatforms) = preSolution
		Debug|Any CPU = Debug|Any CPU
		Release|Any CPU = Release|Any CPU
	EndGlobalSection
	GlobalSection(ProjectConfigurationPlatforms) = postSolution
		{A46753AF-B597-45A3-BE85-B98DD4FA4FD6}.Debug|Any CPU.ActiveCfg = Debug|Any CPU
		{A46753AF-B597-45A3-BE85-B98DD4FA4FD6}.Debug|Any CPU.Build.0 = Debug|Any CPU
		{A46753AF-B597-45A3-BE85-B98DD4FA4FD6}.Release|Any CPU.ActiveCfg = Release|Any CPU
		{A46753AF-B597-45A3-BE85-B98DD4FA4FD6}.Release|Any CPU.Build.0 = Release|Any CPU
	EndGlobalSection
	GlobalSection(SolutionProperties) = preSolution
		HideSolutionNode = FALSE
	EndGlobalSection
	GlobalSection(ExtensibilityGlobals) = postSolution
		SolutionGuid = {4EC511B3-29B9-4590-A2F0-F491E79225E1}
	EndGlobalSection
EndGlobal
